# @generated - this file is auto-generated by `mise lock` https://mise.jdx.dev/dev-tools/mise-lock.html

[[tools.pixi]]
version = "0.67.0"
backend = "github:prefix-dev/pixi"

[tools.pixi."platforms.linux-arm64"]
checksum = "sha256:415d43838219cf82db8f44dfe6bd1dc835f4d77d68ac1bd20dff8c15098aea96"
url = "https://github.com/prefix-dev/pixi/releases/download/v0.67.0/pixi-aarch64-unknown-linux-musl.tar.gz"
url_api = "https://api.github.com/repos/prefix-dev/pixi/releases/assets/391640835"
provenance = "slsa"

[tools.pixi."platforms.linux-arm64-musl"]
checksum = "sha256:415d43838219cf82db8f44dfe6bd1dc835f4d77d68ac1bd20dff8c15098aea96"
url = "https://github.com/prefix-dev/pixi/releases/download/v0.67.0/pixi-aarch64-unknown-linux-musl.tar.gz"
url_api = "https://api.github.com/repos/prefix-dev/pixi/releases/assets/391640835"
provenance = "slsa"

[tools.pixi."platforms.linux-x64"]
checksum = "sha256:8cd89036e77a7b63ae1e85d9b89adb29d506527720ef9a26536534c2813eb0c2"
url = "https://github.com/prefix-dev/pixi/releases/download/v0.67.0/pixi-x86_64-unknown-linux-musl.tar.gz"
url_api = "https://api.github.com/repos/prefix-dev/pixi/releases/assets/391640888"

[tools.pixi."platforms.linux-x64".provenance.slsa]
url = "https://github.com/prefix-dev/pixi/releases/download/v0.67.0/attestations-x86_64-unknown-linux-musl.intoto.jsonl"

[tools.pixi."platforms.linux-x64-musl"]
checksum = "sha256:8cd89036e77a7b63ae1e85d9b89adb29d506527720ef9a26536534c2813eb0c2"
url = "https://github.com/prefix-dev/pixi/releases/download/v0.67.0/pixi-x86_64-unknown-linux-musl.tar.gz"
url_api = "https://api.github.com/repos/prefix-dev/pixi/releases/assets/391640888"
provenance = "slsa"

[tools.pixi."platforms.macos-arm64"]
checksum = "sha256:c20513a822d48e9e081e0472642e5f01eeea56b718b64f9f9512cf4f2a3daa3b"
url = "https://github.com/prefix-dev/pixi/releases/download/v0.67.0/pixi-aarch64-apple-darwin.tar.gz"
url_api = "https://api.github.com/repos/prefix-dev/pixi/releases/assets/391640793"
provenance = "slsa"

[tools.pixi."platforms.macos-x64"]
checksum = "sha256:37e992de96791cb3a7b517200fa6c6898f4a0562cbdccbae9b7228b29d4cfdfd"
url = "https://github.com/prefix-dev/pixi/releases/download/v0.67.0/pixi-x86_64-apple-darwin.tar.gz"
url_api = "https://api.github.com/repos/prefix-dev/pixi/releases/assets/391640857"
provenance = "slsa"

[tools.pixi."platforms.windows-x64"]
checksum = "sha256:db27ce2161d01f00c1405ebb5e90a520fec8a3558ae26eb746961a14a0798b27"
url = "https://github.com/prefix-dev/pixi/releases/download/v0.67.0/pixi-x86_64-pc-windows-msvc.zip"
url_api = "https://api.github.com/repos/prefix-dev/pixi/releases/assets/391640883"
provenance = "slsa"
